
Microsoft Visual Studio Solution File, Format Version 12.00
# Visual Studio Version 17
VisualStudioVersion = 17.9.34902.65
MinimumVisualStudioVersion = 10.0.40219.1
Project("{FAE04EC0-301F-11D3-BF4B-00C04F79EFBC}") = "WarehouseManagementSystem", "WarehouseManagementSystemTry2\WarehouseManagementSystem.csproj", "{A123AA11-EED2-497C-8854-F59AF7591F6B}"
EndProject
Global
	GlobalSection(SolutionConfigurationPlatforms) = preSolution
		Debug|Any CPU = Debug|Any CPU
		Release|Any CPU = Release|Any CPU
	EndGlobalSection
	GlobalSection(ProjectConfigurationPlatforms) = postSolution
		{A123AA11-EED2-497C-8854-F59AF7591F6B}.Debug|Any CPU.ActiveCfg = Debug|Any CPU
		{A123AA11-EED2-497C-8854-F59AF7591F6B}.Debug|Any CPU.Build.0 = Debug|Any CPU
		{A123AA11-EED2-497C-8854-F59AF7591F6B}.Release|Any CPU.ActiveCfg = Release|Any CPU
		{A123AA11-EED2-497C-8854-F59AF7591F6B}.Release|Any CPU.Build.0 = Release|Any CPU
	EndGlobalSection
	GlobalSection(SolutionProperties) = preSolution
		HideSolutionNode = FALSE
	EndGlobalSection
	GlobalSection(ExtensibilityGlobals) = postSolution
		SolutionGuid = {4BA7F187-4A5B-46EA-80A2-042E463D2C9D}
	EndGlobalSection
EndGlobal
